
Microsoft Visual Studio Solution File, Format Version 12.00
Project("{FAE04EC0-301F-11D3-BF4B-00C04F79EFBC}") = "Liminal.Common", "Liminal.Common\Liminal.Common.csproj", "{BDB33A62-D6B2-4FB0-A71E-FFE58B2009E1}"
EndProject
Project("{FAE04EC0-301F-11D3-BF4B-00C04F79EFBC}") = "Liminal.Auth", "Liminal.Auth\Liminal.Auth.csproj", "{8569B86B-3141-46C2-A577-F9997B0F65A1}"
EndProject
Project("{FAE04EC0-301F-11D3-BF4B-00C04F79EFBC}") = "Liminal.Example", "Liminal.Example\Liminal.Example.csproj", "{4BCFD636-9B2B-4211-947B-4A06E17ACB66}"
EndProject
Project("{2150E333-8FDC-42A3-9474-1A3956D46DE8}") = "Solution Items", "Solution Items", "{D78DA89F-9224-48D6-A999-984473C4E6A6}"
	ProjectSection(SolutionItems) = preProject
		docker-compose.yml = docker-compose.yml
	EndProjectSection
EndProject
Project("{FAE04EC0-301F-11D3-BF4B-00C04F79EFBC}") = "Liminal.Auth.EntityFrameworkCore", "Liminal.Auth.EntityFrameworkCore\Liminal.Auth.EntityFrameworkCore.csproj", "{32425740-1FA5-443F-A5D4-0897FB82B4C8}"
EndProject
Project("{FAE04EC0-301F-11D3-BF4B-00C04F79EFBC}") = "Liminal.Mail", "Liminal.Mail\Liminal.Mail.csproj", "{6260C9EF-99A2-4108-8AF2-309034DE17D7}"
EndProject
Project("{2150E333-8FDC-42A3-9474-1A3956D46DE8}") = "tests", "tests", "{19062859-7C8A-4A56-9C7F-9A6CBC3730CE}"
EndProject
Project("{FAE04EC0-301F-11D3-BF4B-00C04F79EFBC}") = "Liminal.Auth.UnitTests", "Liminal.Auth.UnitTests\Liminal.Auth.UnitTests.csproj", "{86B29017-08E2-454E-9FE7-9C1EEB55B926}"
EndProject
Project("{2150E333-8FDC-42A3-9474-1A3956D46DE8}") = "src", "src", "{6B691F0A-238E-40E1-97B3-C1C01F86A089}"
EndProject
Project("{2150E333-8FDC-42A3-9474-1A3956D46DE8}") = "template", "template", "{B77632AF-2F92-4E17-92F6-00DEF11E19E7}"
EndProject
Project("{2150E333-8FDC-42A3-9474-1A3956D46DE8}") = "project", "project", "{499B4725-5FFC-481F-AF10-30DD5116ABA2}"
EndProject
Project("{FAE04EC0-301F-11D3-BF4B-00C04F79EFBC}") = "HomeSchool.Api", "HomeSchool.Api\HomeSchool.Api.csproj", "{51641896-156D-4A7E-B322-01F56D25D493}"
EndProject
Project("{FAE04EC0-301F-11D3-BF4B-00C04F79EFBC}") = "HomeSchool.Core", "HomeSchool.Core\HomeSchool.Core.csproj", "{11F875DB-D117-46F9-AD48-A07361F5FFB2}"
EndProject
Project("{FAE04EC0-301F-11D3-BF4B-00C04F79EFBC}") = "Liminal.Storage", "Liminal.Storage\Liminal.Storage.csproj", "{673EF5E1-B228-4D1E-B99F-8ED66177F534}"
EndProject
Project("{FAE04EC0-301F-11D3-BF4B-00C04F79EFBC}") = "Liminal.Storage.EntityFrameworkCore", "Liminal.Storage.EntityFrameworkCore\Liminal.Storage.EntityFrameworkCore.csproj", "{F34300D8-00BA-4F81-A995-66B20406A487}"
EndProject
Project("{2150E333-8FDC-42A3-9474-1A3956D46DE8}") = "scripts", "scripts", "{F36A2BD6-0AA2-45DF-8C2D-04A6EFF74B8A}"
EndProject
Project("{2150E333-8FDC-42A3-9474-1A3956D46DE8}") = "local-deploy", "local-deploy", "{E923FB78-F257-4E26-8DA3-DEF84D3533AE}"
	ProjectSection(SolutionItems) = preProject
		local.docker.tf = scripts/local-deploy/local.docker.tf
		docker-compose2.yml = scripts/local-deploy/docker-compose.yml
	EndProjectSection
EndProject
Project("{2150E333-8FDC-42A3-9474-1A3956D46DE8}") = "services-deploy", "services-deploy", "{241E145F-0E7D-47AD-A670-DD602A777A70}"
    ProjectSection(SolutionItems) = preProject
    	docker-compose.services.yml = scripts/services-deploy/docker-compose.services.yml
    	docker-compose.tofu.yml = scripts/services-deploy/docker-compose.tofu.yml
    	services.docker.tf = scripts/services-deploy/services.docker.tf
    	apply-terraform.sh = scripts/services-deploy/apply-terraform.sh
    EndProjectSection
EndProject
Global
	GlobalSection(SolutionConfigurationPlatforms) = preSolution
		Debug|Any CPU = Debug|Any CPU
		Release|Any CPU = Release|Any CPU
	EndGlobalSection
	GlobalSection(ProjectConfigurationPlatforms) = postSolution
		{BDB33A62-D6B2-4FB0-A71E-FFE58B2009E1}.Debug|Any CPU.ActiveCfg = Debug|Any CPU
		{BDB33A62-D6B2-4FB0-A71E-FFE58B2009E1}.Debug|Any CPU.Build.0 = Debug|Any CPU
		{BDB33A62-D6B2-4FB0-A71E-FFE58B2009E1}.Release|Any CPU.ActiveCfg = Release|Any CPU
		{BDB33A62-D6B2-4FB0-A71E-FFE58B2009E1}.Release|Any CPU.Build.0 = Release|Any CPU
		{8569B86B-3141-46C2-A577-F9997B0F65A1}.Debug|Any CPU.ActiveCfg = Debug|Any CPU
		{8569B86B-3141-46C2-A577-F9997B0F65A1}.Debug|Any CPU.Build.0 = Debug|Any CPU
		{8569B86B-3141-46C2-A577-F9997B0F65A1}.Release|Any CPU.ActiveCfg = Release|Any CPU
		{8569B86B-3141-46C2-A577-F9997B0F65A1}.Release|Any CPU.Build.0 = Release|Any CPU
		{4BCFD636-9B2B-4211-947B-4A06E17ACB66}.Debug|Any CPU.ActiveCfg = Debug|Any CPU
		{4BCFD636-9B2B-4211-947B-4A06E17ACB66}.Debug|Any CPU.Build.0 = Debug|Any CPU
		{4BCFD636-9B2B-4211-947B-4A06E17ACB66}.Release|Any CPU.ActiveCfg = Release|Any CPU
		{4BCFD636-9B2B-4211-947B-4A06E17ACB66}.Release|Any CPU.Build.0 = Release|Any CPU
		{32425740-1FA5-443F-A5D4-0897FB82B4C8}.Debug|Any CPU.ActiveCfg = Debug|Any CPU
		{32425740-1FA5-443F-A5D4-0897FB82B4C8}.Debug|Any CPU.Build.0 = Debug|Any CPU
		{32425740-1FA5-443F-A5D4-0897FB82B4C8}.Release|Any CPU.ActiveCfg = Release|Any CPU
		{32425740-1FA5-443F-A5D4-0897FB82B4C8}.Release|Any CPU.Build.0 = Release|Any CPU
		{6260C9EF-99A2-4108-8AF2-309034DE17D7}.Debug|Any CPU.ActiveCfg = Debug|Any CPU
		{6260C9EF-99A2-4108-8AF2-309034DE17D7}.Debug|Any CPU.Build.0 = Debug|Any CPU
		{6260C9EF-99A2-4108-8AF2-309034DE17D7}.Release|Any CPU.ActiveCfg = Release|Any CPU
		{6260C9EF-99A2-4108-8AF2-309034DE17D7}.Release|Any CPU.Build.0 = Release|Any CPU
		{86B29017-08E2-454E-9FE7-9C1EEB55B926}.Debug|Any CPU.ActiveCfg = Debug|Any CPU
		{86B29017-08E2-454E-9FE7-9C1EEB55B926}.Debug|Any CPU.Build.0 = Debug|Any CPU
		{86B29017-08E2-454E-9FE7-9C1EEB55B926}.Release|Any CPU.ActiveCfg = Release|Any CPU
		{86B29017-08E2-454E-9FE7-9C1EEB55B926}.Release|Any CPU.Build.0 = Release|Any CPU
		{51641896-156D-4A7E-B322-01F56D25D493}.Debug|Any CPU.ActiveCfg = Debug|Any CPU
		{51641896-156D-4A7E-B322-01F56D25D493}.Debug|Any CPU.Build.0 = Debug|Any CPU
		{51641896-156D-4A7E-B322-01F56D25D493}.Release|Any CPU.ActiveCfg = Release|Any CPU
		{51641896-156D-4A7E-B322-01F56D25D493}.Release|Any CPU.Build.0 = Release|Any CPU
		{11F875DB-D117-46F9-AD48-A07361F5FFB2}.Debug|Any CPU.ActiveCfg = Debug|Any CPU
		{11F875DB-D117-46F9-AD48-A07361F5FFB2}.Debug|Any CPU.Build.0 = Debug|Any CPU
		{11F875DB-D117-46F9-AD48-A07361F5FFB2}.Release|Any CPU.ActiveCfg = Release|Any CPU
		{11F875DB-D117-46F9-AD48-A07361F5FFB2}.Release|Any CPU.Build.0 = Release|Any CPU
		{673EF5E1-B228-4D1E-B99F-8ED66177F534}.Debug|Any CPU.ActiveCfg = Debug|Any CPU
		{673EF5E1-B228-4D1E-B99F-8ED66177F534}.Debug|Any CPU.Build.0 = Debug|Any CPU
		{673EF5E1-B228-4D1E-B99F-8ED66177F534}.Release|Any CPU.ActiveCfg = Release|Any CPU
		{673EF5E1-B228-4D1E-B99F-8ED66177F534}.Release|Any CPU.Build.0 = Release|Any CPU
		{F34300D8-00BA-4F81-A995-66B20406A487}.Debug|Any CPU.ActiveCfg = Debug|Any CPU
		{F34300D8-00BA-4F81-A995-66B20406A487}.Debug|Any CPU.Build.0 = Debug|Any CPU
		{F34300D8-00BA-4F81-A995-66B20406A487}.Release|Any CPU.ActiveCfg = Release|Any CPU
		{F34300D8-00BA-4F81-A995-66B20406A487}.Release|Any CPU.Build.0 = Release|Any CPU
	EndGlobalSection
	GlobalSection(NestedProjects) = preSolution
		{86B29017-08E2-454E-9FE7-9C1EEB55B926} = {19062859-7C8A-4A56-9C7F-9A6CBC3730CE}
		{4BCFD636-9B2B-4211-947B-4A06E17ACB66} = {6B691F0A-238E-40E1-97B3-C1C01F86A089}
		{B77632AF-2F92-4E17-92F6-00DEF11E19E7} = {6B691F0A-238E-40E1-97B3-C1C01F86A089}
		{8569B86B-3141-46C2-A577-F9997B0F65A1} = {B77632AF-2F92-4E17-92F6-00DEF11E19E7}
		{32425740-1FA5-443F-A5D4-0897FB82B4C8} = {B77632AF-2F92-4E17-92F6-00DEF11E19E7}
		{BDB33A62-D6B2-4FB0-A71E-FFE58B2009E1} = {B77632AF-2F92-4E17-92F6-00DEF11E19E7}
		{6260C9EF-99A2-4108-8AF2-309034DE17D7} = {B77632AF-2F92-4E17-92F6-00DEF11E19E7}
		{499B4725-5FFC-481F-AF10-30DD5116ABA2} = {6B691F0A-238E-40E1-97B3-C1C01F86A089}
		{51641896-156D-4A7E-B322-01F56D25D493} = {499B4725-5FFC-481F-AF10-30DD5116ABA2}
		{11F875DB-D117-46F9-AD48-A07361F5FFB2} = {499B4725-5FFC-481F-AF10-30DD5116ABA2}
		{673EF5E1-B228-4D1E-B99F-8ED66177F534} = {B77632AF-2F92-4E17-92F6-00DEF11E19E7}
		{F34300D8-00BA-4F81-A995-66B20406A487} = {B77632AF-2F92-4E17-92F6-00DEF11E19E7}
		{F36A2BD6-0AA2-45DF-8C2D-04A6EFF74B8A} = {D78DA89F-9224-48D6-A999-984473C4E6A6}
		{E923FB78-F257-4E26-8DA3-DEF84D3533AE} = {F36A2BD6-0AA2-45DF-8C2D-04A6EFF74B8A}
		{241E145F-0E7D-47AD-A670-DD602A777A70} = {F36A2BD6-0AA2-45DF-8C2D-04A6EFF74B8A}
	EndGlobalSection
EndGlobal
